
Microsoft Visual Studio Solution File, Format Version 12.00
# Visual Studio Version 17
VisualStudioVersion = 17.0.31919.166
MinimumVisualStudioVersion = 10.0.40219.1
Project("{9092AA53-FB77-4645-B42D-1CCCA6BD08BD}") = "DashboardEmulator", "DashboardEmulator.njsproj", "{D1C5219A-F040-4466-BD09-874BA2447290}"
EndProject
Global
	GlobalSection(SolutionConfigurationPlatforms) = preSolution
		Debug|Any CPU = Debug|Any CPU
		Release|Any CPU = Release|Any CPU
	EndGlobalSection
	GlobalSection(ProjectConfigurationPlatforms) = postSolution
		{D1C5219A-F040-4466-BD09-874BA2447290}.Debug|Any CPU.ActiveCfg = Debug|Any CPU
		{D1C5219A-F040-4466-BD09-874BA2447290}.Debug|Any CPU.Build.0 = Debug|Any CPU
		{D1C5219A-F040-4466-BD09-874BA2447290}.Release|Any CPU.ActiveCfg = Release|Any CPU
		{D1C5219A-F040-4466-BD09-874BA2447290}.Release|Any CPU.Build.0 = Release|Any CPU
	EndGlobalSection
	GlobalSection(SolutionProperties) = preSolution
		HideSolutionNode = FALSE
	EndGlobalSection
	GlobalSection(ExtensibilityGlobals) = postSolution
		SolutionGuid = {5801E374-1B04-4241-8D0D-90C6FF860273}
	EndGlobalSection
EndGlobal
